// !$*UTF8*$!
{
	archiveVersion = 1;
	classes = {
	};
	objectVersion = 46;
	objects = {

/* Begin PBXBuildFile section */
		2BB9621319AAC0660024D17F /* AppDelegate.swift in Sources */ = {isa = PBXBuildFile; fileRef = 2BB9621219AAC0660024D17F /* AppDelegate.swift */; };
		2BB9621619AAC0660024D17F /* OrangeSeq.xcdatamodeld in Sources */ = {isa = PBXBuildFile; fileRef = 2BB9621419AAC0660024D17F /* OrangeSeq.xcdatamodeld */; };
		2BB9621819AAC0660024D17F /* ViewController.swift in Sources */ = {isa = PBXBuildFile; fileRef = 2BB9621719AAC0660024D17F /* ViewController.swift */; };
		2BB9621B19AAC0660024D17F /* Main.storyboard in Resources */ = {isa = PBXBuildFile; fileRef = 2BB9621919AAC0660024D17F /* Main.storyboard */; };
		2BB9621D19AAC0660024D17F /* Images.xcassets in Resources */ = {isa = PBXBuildFile; fileRef = 2BB9621C19AAC0660024D17F /* Images.xcassets */; };
		2BB9622919AAC0660024D17F /* OrangeSeqTests.swift in Sources */ = {isa = PBXBuildFile; fileRef = 2BB9622819AAC0660024D17F /* OrangeSeqTests.swift */; };
		2BB9623319AAC5610024D17F /* CircularSlideDesign.swift in Sources */ = {isa = PBXBuildFile; fileRef = 2BB9623219AAC5610024D17F /* CircularSlideDesign.swift */; };
		2BB9623519AAC7200024D17F /* CircularButtonDesign.swift in Sources */ = {isa = PBXBuildFile; fileRef = 2BB9623419AAC7200024D17F /* CircularButtonDesign.swift */; };
		2BED49A019AB1EB90005264D /* ButtonCollectionViewCell.swift in Sources */ = {isa = PBXBuildFile; fileRef = 2BED499F19AB1EB90005264D /* ButtonCollectionViewCell.swift */; };
/* End PBXBuildFile section */

/* Begin PBXContainerItemProxy section */
		2BB9622319AAC0660024D17F /* PBXContainerItemProxy */ = {
			isa = PBXContainerItemProxy;
			containerPortal = 2BB9620519AAC0660024D17F /* Project object */;
			proxyType = 1;
			remoteGlobalIDString = 2BB9620C19AAC0660024D17F;
			remoteInfo = OrangeSeq;
		};
/* End PBXContainerItemProxy section */

/* Begin PBXFileReference section */
		2BB9620D19AAC0660024D17F /* OrangeSeq.app */ = {isa = PBXFileReference; explicitFileType = wrapper.application; includeInIndex = 0; path = OrangeSeq.app; sourceTree = BUILT_PRODUCTS_DIR; };
		2BB9621119AAC0660024D17F /* Info.plist */ = {isa = PBXFileReference; lastKnownFileType = text.plist.xml; path = Info.plist; sourceTree = "<group>"; };
		2BB9621219AAC0660024D17F /* AppDelegate.swift */ = {isa = PBXFileReference; lastKnownFileType = sourcecode.swift; path = AppDelegate.swift; sourceTree = "<group>"; };
		2BB9621519AAC0660024D17F /* OrangeSeq.xcdatamodel */ = {isa = PBXFileReference; lastKnownFileType = wrapper.xcdatamodel; path = OrangeSeq.xcdatamodel; sourceTree = "<group>"; };
		2BB9621719AAC0660024D17F /* ViewController.swift */ = {isa = PBXFileReference; lastKnownFileType = sourcecode.swift; path = ViewController.swift; sourceTree = "<group>"; };
		2BB9621A19AAC0660024D17F /* Base */ = {isa = PBXFileReference; lastKnownFileType = file.storyboard; name = Base; path = Base.lproj/Main.storyboard; sourceTree = "<group>"; };
		2BB9621C19AAC0660024D17F /* Images.xcassets */ = {isa = PBXFileReference; lastKnownFileType = folder.assetcatalog; path = Images.xcassets; sourceTree = "<group>"; };
		2BB9622219AAC0660024D17F /* OrangeSeqTests.xctest */ = {isa = PBXFileReference; explicitFileType = wrapper.cfbundle; includeInIndex = 0; path = OrangeSeqTests.xctest; sourceTree = BUILT_PRODUCTS_DIR; };
		2BB9622719AAC0660024D17F /* Info.plist */ = {isa = PBXFileReference; lastKnownFileType = text.plist.xml; path = Info.plist; sourceTree = "<group>"; };
		2BB9622819AAC0660024D17F /* OrangeSeqTests.swift */ = {isa = PBXFileReference; lastKnownFileType = sourcecode.swift; path = OrangeSeqTests.swift; sourceTree = "<group>"; };
		2BB9623219AAC5610024D17F /* CircularSlideDesign.swift */ = {isa = PBXFileReference; fileEncoding = 4; lastKnownFileType = sourcecode.swift; path = CircularSlideDesign.swift; sourceTree = "<group>"; };
		2BB9623419AAC7200024D17F /* CircularButtonDesign.swift */ = {isa = PBXFileReference; fileEncoding = 4; lastKnownFileType = sourcecode.swift; path = CircularButtonDesign.swift; sourceTree = "<group>"; };
		2BED499F19AB1EB90005264D /* ButtonCollectionViewCell.swift */ = {isa = PBXFileReference; fileEncoding = 4; lastKnownFileType = sourcecode.swift; path = ButtonCollectionViewCell.swift; sourceTree = "<group>"; };
/* End PBXFileReference section */

/* Begin PBXFrameworksBuildPhase section */
		2BB9620A19AAC0660024D17F /* Frameworks */ = {
			isa = PBXFrameworksBuildPhase;
			buildActionMask = 2147483647;
			files = (
			);
			runOnlyForDeploymentPostprocessing = 0;
		};
		2BB9621F19AAC0660024D17F /* Frameworks */ = {
			isa = PBXFrameworksBuildPhase;
			buildActionMask = 2147483647;
			files = (
			);
			runOnlyForDeploymentPostprocessing = 0;
		};
/* End PBXFrameworksBuildPhase section */

/* Begin PBXGroup section */
		2BB9620419AAC0660024D17F = {
			isa = PBXGroup;
			children = (
				2BB9620F19AAC0660024D17F /* OrangeSeq */,
				2BB9622519AAC0660024D17F /* OrangeSeqTests */,
				2BB9620E19AAC0660024D17F /* Products */,
			);
			sourceTree = "<group>";
		};
		2BB9620E19AAC0660024D17F /* Products */ = {
			isa = PBXGroup;
			children = (
				2BB9620D19AAC0660024D17F /* OrangeSeq.app */,
				2BB9622219AAC0660024D17F /* OrangeSeqTests.xctest */,
			);
			name = Products;
			sourceTree = "<group>";
		};
		2BB9620F19AAC0660024D17F /* OrangeSeq */ = {
			isa = PBXGroup;
			children = (
				2BB9621219AAC0660024D17F /* AppDelegate.swift */,
				2BB9621719AAC0660024D17F /* ViewController.swift */,
				2BB9621919AAC0660024D17F /* Main.storyboard */,
				2BB9621C19AAC0660024D17F /* Images.xcassets */,
				2BB9621419AAC0660024D17F /* OrangeSeq.xcdatamodeld */,
				2BB9621019AAC0660024D17F /* Supporting Files */,
				2BB9623219AAC5610024D17F /* CircularSlideDesign.swift */,
				2BB9623419AAC7200024D17F /* CircularButtonDesign.swift */,
				2BED499F19AB1EB90005264D /* ButtonCollectionViewCell.swift */,
			);
			path = OrangeSeq;
			sourceTree = "<group>";
		};
		2BB9621019AAC0660024D17F /* Supporting Files */ = {
			isa = PBXGroup;
			children = (
				2BB9621119AAC0660024D17F /* Info.plist */,
			);
			name = "Supporting Files";
			sourceTree = "<group>";
		};
		2BB9622519AAC0660024D17F /* OrangeSeqTests */ = {
			isa = PBXGroup;
			children = (
				2BB9622819AAC0660024D17F /* OrangeSeqTests.swift */,
				2BB9622619AAC0660024D17F /* Supporting Files */,
			);
			path = OrangeSeqTests;
			sourceTree = "<group>";
		};
		2BB9622619AAC0660024D17F /* Supporting Files */ = {
			isa = PBXGroup;
			children = (
				2BB9622719AAC0660024D17F /* Info.plist */,
			);
			name = "Supporting Files";
			sourceTree = "<group>";
		};
/* End PBXGroup section */

/* Begin PBXNativeTarget section */
		2BB9620C19AAC0660024D17F /* OrangeSeq */ = {
			isa = PBXNativeTarget;
			buildConfigurationList = 2BB9622C19AAC0660024D17F /* Build configuration list for PBXNativeTarget "OrangeSeq" */;
			buildPhases = (
				2BB9620919AAC0660024D17F /* Sources */,
				2BB9620A19AAC0660024D17F /* Frameworks */,
				2BB9620B19AAC0660024D17F /* Resources */,
			);
			buildRules = (
			);
			dependencies = (
			);
			name = OrangeSeq;
			productName = OrangeSeq;
			productReference = 2BB9620D19AAC0660024D17F /* OrangeSeq.app */;
			productType = "com.apple.product-type.application";
		};
		2BB9622119AAC0660024D17F /* OrangeSeqTests */ = {
			isa = PBXNativeTarget;
			buildConfigurationList = 2BB9622F19AAC0660024D17F /* Build configuration list for PBXNativeTarget "OrangeSeqTests" */;
			buildPhases = (
				2BB9621E19AAC0660024D17F /* Sources */,
				2BB9621F19AAC0660024D17F /* Frameworks */,
				2BB9622019AAC0660024D17F /* Resources */,
			);
			buildRules = (
			);
			dependencies = (
				2BB9622419AAC0660024D17F /* PBXTargetDependency */,
			);
			name = OrangeSeqTests;
			productName = OrangeSeqTests;
			productReference = 2BB9622219AAC0660024D17F /* OrangeSeqTests.xctest */;
			productType = "com.apple.product-type.bundle.unit-test";
		};
/* End PBXNativeTarget section */

/* Begin PBXProject section */
		2BB9620519AAC0660024D17F /* Project object */ = {
			isa = PBXProject;
			attributes = {
				LastUpgradeCheck = 0600;
				ORGANIZATIONNAME = edwardsharp;
				TargetAttributes = {
					2BB9620C19AAC0660024D17F = {
						CreatedOnToolsVersion = 6.0;
					};
					2BB9622119AAC0660024D17F = {
						CreatedOnToolsVersion = 6.0;
						TestTargetID = 2BB9620C19AAC0660024D17F;
					};
				};
			};
			buildConfigurationList = 2BB9620819AAC0660024D17F /* Build configuration list for PBXProject "OrangeSeq" */;
			compatibilityVersion = "Xcode 3.2";
			developmentRegion = English;
			hasScannedForEncodings = 0;
			knownRegions = (
				en,
				Base,
			);
			mainGroup = 2BB9620419AAC0660024D17F;
			productRefGroup = 2BB9620E19AAC0660024D17F /* Products */;
			projectDirPath = "";
			projectRoot = "";
			targets = (
				2BB9620C19AAC0660024D17F /* OrangeSeq */,
				2BB9622119AAC0660024D17F /* OrangeSeqTests */,
			);
		};
/* End PBXProject section */

/* Begin PBXResourcesBuildPhase section */
		2BB9620B19AAC0660024D17F /* Resources */ = {
			isa = PBXResourcesBuildPhase;
			buildActionMask = 2147483647;
			files = (
				2BB9621B19AAC0660024D17F /* Main.storyboard in Resources */,
				2BB9621D19AAC0660024D17F /* Images.xcassets in Resources */,
			);
			runOnlyForDeploymentPostprocessing = 0;
		};
		2BB9622019AAC0660024D17F /* Resources */ = {
			isa = PBXResourcesBuildPhase;
			buildActionMask = 2147483647;
			files = (
			);
			runOnlyForDeploymentPostprocessing = 0;
		};
/* End PBXResourcesBuildPhase section */

/* Begin PBXSourcesBuildPhase section */
		2BB9620919AAC0660024D17F /* Sources */ = {
			isa = PBXSourcesBuildPhase;
			buildActionMask = 2147483647;
			files = (
				2BB9623319AAC5610024D17F /* CircularSlideDesign.swift in Sources */,
				2BB9621819AAC0660024D17F /* ViewController.swift in Sources */,
				2BB9621319AAC0660024D17F /* AppDelegate.swift in Sources */,
				2BB9621619AAC0660024D17F /* OrangeSeq.xcdatamodeld in Sources */,
				2BED49A019AB1EB90005264D /* ButtonCollectionViewCell.swift in Sources */,
				2BB9623519AAC7200024D17F /* CircularButtonDesign.swift in Sources */,
			);
			runOnlyForDeploymentPostprocessing = 0;
		};
		2BB9621E19AAC0660024D17F /* Sources */ = {
			isa = PBXSourcesBuildPhase;
			buildActionMask = 2147483647;
			files = (
				2BB9622919AAC0660024D17F /* OrangeSeqTests.swift in Sources */,
			);
			runOnlyForDeploymentPostprocessing = 0;
		};
/* End PBXSourcesBuildPhase section */

/* Begin PBXTargetDependency section */
		2BB9622419AAC0660024D17F /* PBXTargetDependency */ = {
			isa = PBXTargetDependency;
			target = 2BB9620C19AAC0660024D17F /* OrangeSeq */;
			targetProxy = 2BB9622319AAC0660024D17F /* PBXContainerItemProxy */;
		};
/* End PBXTargetDependency section */

/* Begin PBXVariantGroup section */
		2BB9621919AAC0660024D17F /* Main.storyboard */ = {
			isa = PBXVariantGroup;
			children = (
				2BB9621A19AAC0660024D17F /* Base */,
			);
			name = Main.storyboard;
			sourceTree = "<group>";
		};
/* End PBXVariantGroup section */

/* Begin XCBuildConfiguration section */
		2BB9622A19AAC0660024D17F /* Debug */ = {
			isa = XCBuildConfiguration;
			buildSettings = {
				ALWAYS_SEARCH_USER_PATHS = NO;
				CLANG_CXX_LANGUAGE_STANDARD = "gnu++0x";
				CLANG_CXX_LIBRARY = "libc++";
				CLANG_ENABLE_MODULES = YES;
				CLANG_ENABLE_OBJC_ARC = YES;
				CLANG_WARN_BOOL_CONVERSION = YES;
				CLANG_WARN_CONSTANT_CONVERSION = YES;
				CLANG_WARN_DIRECT_OBJC_ISA_USAGE = YES_ERROR;
				CLANG_WARN_EMPTY_BODY = YES;
				CLANG_WARN_ENUM_CONVERSION = YES;
				CLANG_WARN_INT_CONVERSION = YES;
				CLANG_WARN_OBJC_ROOT_CLASS = YES_ERROR;
				CLANG_WARN_UNREACHABLE_CODE = YES;
				CLANG_WARN__DUPLICATE_METHOD_MATCH = YES;
				"CODE_SIGN_IDENTITY[sdk=iphoneos*]" = "iPhone Developer";
				COPY_PHASE_STRIP = NO;
				ENABLE_STRICT_OBJC_MSGSEND = YES;
				GCC_C_LANGUAGE_STANDARD = gnu99;
				GCC_DYNAMIC_NO_PIC = NO;
				GCC_OPTIMIZATION_LEVEL = 0;
				GCC_PREPROCESSOR_DEFINITIONS = (
					"DEBUG=1",
					"$(inherited)",
				);
				GCC_SYMBOLS_PRIVATE_EXTERN = NO;
				GCC_WARN_64_TO_32_BIT_CONVERSION = YES;
				GCC_WARN_ABOUT_RETURN_TYPE = YES_ERROR;
				GCC_WARN_UNDECLARED_SELECTOR = YES;
				GCC_WARN_UNINITIALIZED_AUTOS = YES_AGGRESSIVE;
				GCC_WARN_UNUSED_FUNCTION = YES;
				GCC_WARN_UNUSED_VARIABLE = YES;
				IPHONEOS_DEPLOYMENT_TARGET = 8.0;
				MTL_ENABLE_DEBUG_INFO = YES;
				ONLY_ACTIVE_ARCH = YES;
				SDKROOT = iphoneos;
				SWIFT_OPTIMIZATION_LEVEL = "-Onone";
				TARGETED_DEVICE_FAMILY = "1,2";
			};
			name = Debug;
		};
		2BB9622B19AAC0660024D17F /* Release */ = {
			isa = XCBuildConfiguration;
			buildSettings = {
				ALWAYS_SEARCH_USER_PATHS = NO;
				CLANG_CXX_LANGUAGE_STANDARD = "gnu++0x";
				CLANG_CXX_LIBRARY = "libc++";
				CLANG_ENABLE_MODULES = YES;
				CLANG_ENABLE_OBJC_ARC = YES;
				CLANG_WARN_BOOL_CONVERSION = YES;
				CLANG_WARN_CONSTANT_CONVERSION = YES;
				CLANG_WARN_DIRECT_OBJC_ISA_USAGE = YES_ERROR;
				CLANG_WARN_EMPTY_BODY = YES;
				CLANG_WARN_ENUM_CONVERSION = YES;
				CLANG_WARN_INT_CONVERSION = YES;
				CLANG_WARN_OBJC_ROOT_CLASS = YES_ERROR;
				CLANG_WARN_UNREACHABLE_CODE = YES;
				CLANG_WARN__DUPLICATE_METHOD_MATCH = YES;
				"CODE_SIGN_IDENTITY[sdk=iphoneos*]" = "iPhone Developer";
				COPY_PHASE_STRIP = YES;
				ENABLE_NS_ASSERTIONS = NO;
				ENABLE_STRICT_OBJC_MSGSEND = YES;
				GCC_C_LANGUAGE_STANDARD = gnu99;
				GCC_WARN_64_TO_32_BIT_CONVERSION = YES;
				GCC_WARN_ABOUT_RETURN_TYPE = YES_ERROR;
				GCC_WARN_UNDECLARED_SELECTOR = YES;
				GCC_WARN_UNINITIALIZED_AUTOS = YES_AGGRESSIVE;
				GCC_WARN_UNUSED_FUNCTION = YES;
				GCC_WARN_UNUSED_VARIABLE = YES;
				IPHONEOS_DEPLOYMENT_TARGET = 8.0;
				MTL_ENABLE_DEBUG_INFO = NO;
				SDKROOT = iphoneos;
				TARGETED_DEVICE_FAMILY = "1,2";
				VALIDATE_PRODUCT = YES;
			};
			name = Release;
		};
		2BB9622D19AAC0660024D17F /* Debug */ = {
			isa = XCBuildConfiguration;
			buildSettings = {
				ASSETCATALOG_COMPILER_APPICON_NAME = AppIcon;
				ASSETCATALOG_COMPILER_LAUNCHIMAGE_NAME = LaunchImage;
				INFOPLIST_FILE = OrangeSeq/Info.plist;
				IPHONEOS_DEPLOYMENT_TARGET = 7.0;
				LD_RUNPATH_SEARCH_PATHS = "$(inherited) @executable_path/Frameworks";
				PRODUCT_NAME = "$(TARGET_NAME)";
			};
			name = Debug;
		};
		2BB9622E19AAC0660024D17F /* Release */ = {
			isa = XCBuildConfiguration;
			buildSettings = {
				ASSETCATALOG_COMPILER_APPICON_NAME = AppIcon;
				ASSETCATALOG_COMPILER_LAUNCHIMAGE_NAME = LaunchImage;
				INFOPLIST_FILE = OrangeSeq/Info.plist;
				IPHONEOS_DEPLOYMENT_TARGET = 7.0;
				LD_RUNPATH_SEARCH_PATHS = "$(inherited) @executable_path/Frameworks";
				PRODUCT_NAME = "$(TARGET_NAME)";
			};
			name = Release;
		};
		2BB9623019AAC0660024D17F /* Debug */ = {
			isa = XCBuildConfiguration;
			buildSettings = {
				BUNDLE_LOADER = "$(TEST_HOST)";
				FRAMEWORK_SEARCH_PATHS = (
					"$(SDKROOT)/Developer/Library/Frameworks",
					"$(inherited)",
				);
				GCC_PREPROCESSOR_DEFINITIONS = (
					"DEBUG=1",
					"$(inherited)",
				);
				INFOPLIST_FILE = OrangeSeqTests/Info.plist;
				LD_RUNPATH_SEARCH_PATHS = "$(inherited) @executable_path/Frameworks @loader_path/Frameworks";
				PRODUCT_NAME = "$(TARGET_NAME)";
				TEST_HOST = "$(BUILT_PRODUCTS_DIR)/OrangeSeq.app/OrangeSeq";
			};
			name = Debug;
		};
		2BB9623119AAC0660024D17F /* Release */ = {
			isa = XCBuildConfiguration;
			buildSettings = {
				BUNDLE_LOADER = "$(TEST_HOST)";
				FRAMEWORK_SEARCH_PATHS = (
					"$(SDKROOT)/Developer/Library/Frameworks",
					"$(inherited)",
				);
				INFOPLIST_FILE = OrangeSeqTests/Info.plist;
				LD_RUNPATH_SEARCH_PATHS = "$(inherited) @executable_path/Frameworks @loader_path/Frameworks";
				PRODUCT_NAME = "$(TARGET_NAME)";
				TEST_HOST = "$(BUILT_PRODUCTS_DIR)/OrangeSeq.app/OrangeSeq";
			};
			name = Release;
		};
/* End XCBuildConfiguration section */

/* Begin XCConfigurationList section */
		2BB9620819AAC0660024D17F /* Build configuration list for PBXProject "OrangeSeq" */ = {
			isa = XCConfigurationList;
			buildConfigurations = (
				2BB9622A19AAC0660024D17F /* Debug */,
				2BB9622B19AAC0660024D17F /* Release */,
			);
			defaultConfigurationIsVisible = 0;
			defaultConfigurationName = Release;
		};
		2BB9622C19AAC0660024D17F /* Build configuration list for PBXNativeTarget "OrangeSeq" */ = {
			isa = XCConfigurationList;
			buildConfigurations = (
				2BB9622D19AAC0660024D17F /* Debug */,
				2BB9622E19AAC0660024D17F /* Release */,
			);
			defaultConfigurationIsVisible = 0;
			defaultConfigurationName = Release;
		};
		2BB9622F19AAC0660024D17F /* Build configuration list for PBXNativeTarget "OrangeSeqTests" */ = {
			isa = XCConfigurationList;
			buildConfigurations = (
				2BB9623019AAC0660024D17F /* Debug */,
				2BB9623119AAC0660024D17F /* Release */,
			);
			defaultConfigurationIsVisible = 0;
			defaultConfigurationName = Release;
		};
/* End XCConfigurationList section */

/* Begin XCVersionGroup section */
		2BB9621419AAC0660024D17F /* OrangeSeq.xcdatamodeld */ = {
			isa = XCVersionGroup;
			children = (
				2BB9621519AAC0660024D17F /* OrangeSeq.xcdatamodel */,
			);
			currentVersion = 2BB9621519AAC0660024D17F /* OrangeSeq.xcdatamodel */;
			path = OrangeSeq.xcdatamodeld;
			sourceTree = "<group>";
			versionGroupType = wrapper.xcdatamodel;
		};
/* End XCVersionGroup section */
	};
	rootObject = 2BB9620519AAC0660024D17F /* Project object */;
}
