// !$*UTF8*$!
{
	archiveVersion = 1;
	classes = {
	};
	objectVersion = 46;
	objects = {

/* Begin PBXBuildFile section */
		2B50355419B1344A00F00A4F /* AppDelegate.swift in Sources */ = {isa = PBXBuildFile; fileRef = 2B50355319B1344A00F00A4F /* AppDelegate.swift */; };
		2B50355719B1344A00F00A4F /* seqseqseq.xcdatamodeld in Sources */ = {isa = PBXBuildFile; fileRef = 2B50355519B1344A00F00A4F /* seqseqseq.xcdatamodeld */; };
		2B50355919B1344A00F00A4F /* ViewController.swift in Sources */ = {isa = PBXBuildFile; fileRef = 2B50355819B1344A00F00A4F /* ViewController.swift */; };
		2B50355C19B1344A00F00A4F /* Main.storyboard in Resources */ = {isa = PBXBuildFile; fileRef = 2B50355A19B1344A00F00A4F /* Main.storyboard */; };
		2B50355E19B1344B00F00A4F /* Images.xcassets in Resources */ = {isa = PBXBuildFile; fileRef = 2B50355D19B1344B00F00A4F /* Images.xcassets */; };
		2B50356A19B1344B00F00A4F /* seqseqseqTests.swift in Sources */ = {isa = PBXBuildFile; fileRef = 2B50356919B1344B00F00A4F /* seqseqseqTests.swift */; };
/* End PBXBuildFile section */

/* Begin PBXContainerItemProxy section */
		2B50356419B1344B00F00A4F /* PBXContainerItemProxy */ = {
			isa = PBXContainerItemProxy;
			containerPortal = 2B50354619B1344A00F00A4F /* Project object */;
			proxyType = 1;
			remoteGlobalIDString = 2B50354D19B1344A00F00A4F;
			remoteInfo = seqseqseq;
		};
/* End PBXContainerItemProxy section */

/* Begin PBXFileReference section */
		2B50354E19B1344A00F00A4F /* seqseqseq.app */ = {isa = PBXFileReference; explicitFileType = wrapper.application; includeInIndex = 0; path = seqseqseq.app; sourceTree = BUILT_PRODUCTS_DIR; };
		2B50355219B1344A00F00A4F /* Info.plist */ = {isa = PBXFileReference; lastKnownFileType = text.plist.xml; path = Info.plist; sourceTree = "<group>"; };
		2B50355319B1344A00F00A4F /* AppDelegate.swift */ = {isa = PBXFileReference; lastKnownFileType = sourcecode.swift; path = AppDelegate.swift; sourceTree = "<group>"; };
		2B50355619B1344A00F00A4F /* seqseqseq.xcdatamodel */ = {isa = PBXFileReference; lastKnownFileType = wrapper.xcdatamodel; path = seqseqseq.xcdatamodel; sourceTree = "<group>"; };
		2B50355819B1344A00F00A4F /* ViewController.swift */ = {isa = PBXFileReference; lastKnownFileType = sourcecode.swift; path = ViewController.swift; sourceTree = "<group>"; };
		2B50355B19B1344A00F00A4F /* Base */ = {isa = PBXFileReference; lastKnownFileType = file.storyboard; name = Base; path = Base.lproj/Main.storyboard; sourceTree = "<group>"; };
		2B50355D19B1344B00F00A4F /* Images.xcassets */ = {isa = PBXFileReference; lastKnownFileType = folder.assetcatalog; path = Images.xcassets; sourceTree = "<group>"; };
		2B50356319B1344B00F00A4F /* seqseqseqTests.xctest */ = {isa = PBXFileReference; explicitFileType = wrapper.cfbundle; includeInIndex = 0; path = seqseqseqTests.xctest; sourceTree = BUILT_PRODUCTS_DIR; };
		2B50356819B1344B00F00A4F /* Info.plist */ = {isa = PBXFileReference; lastKnownFileType = text.plist.xml; path = Info.plist; sourceTree = "<group>"; };
		2B50356919B1344B00F00A4F /* seqseqseqTests.swift */ = {isa = PBXFileReference; lastKnownFileType = sourcecode.swift; path = seqseqseqTests.swift; sourceTree = "<group>"; };
/* End PBXFileReference section */

/* Begin PBXFrameworksBuildPhase section */
		2B50354B19B1344A00F00A4F /* Frameworks */ = {
			isa = PBXFrameworksBuildPhase;
			buildActionMask = 2147483647;
			files = (
			);
			runOnlyForDeploymentPostprocessing = 0;
		};
		2B50356019B1344B00F00A4F /* Frameworks */ = {
			isa = PBXFrameworksBuildPhase;
			buildActionMask = 2147483647;
			files = (
			);
			runOnlyForDeploymentPostprocessing = 0;
		};
/* End PBXFrameworksBuildPhase section */

/* Begin PBXGroup section */
		2B50354519B1344A00F00A4F = {
			isa = PBXGroup;
			children = (
				2B50355019B1344A00F00A4F /* seqseqseq */,
				2B50356619B1344B00F00A4F /* seqseqseqTests */,
				2B50354F19B1344A00F00A4F /* Products */,
			);
			sourceTree = "<group>";
		};
		2B50354F19B1344A00F00A4F /* Products */ = {
			isa = PBXGroup;
			children = (
				2B50354E19B1344A00F00A4F /* seqseqseq.app */,
				2B50356319B1344B00F00A4F /* seqseqseqTests.xctest */,
			);
			name = Products;
			sourceTree = "<group>";
		};
		2B50355019B1344A00F00A4F /* seqseqseq */ = {
			isa = PBXGroup;
			children = (
				2B50355319B1344A00F00A4F /* AppDelegate.swift */,
				2B50355819B1344A00F00A4F /* ViewController.swift */,
				2B50355A19B1344A00F00A4F /* Main.storyboard */,
				2B50355D19B1344B00F00A4F /* Images.xcassets */,
				2B50355519B1344A00F00A4F /* seqseqseq.xcdatamodeld */,
				2B50355119B1344A00F00A4F /* Supporting Files */,
			);
			path = seqseqseq;
			sourceTree = "<group>";
		};
		2B50355119B1344A00F00A4F /* Supporting Files */ = {
			isa = PBXGroup;
			children = (
				2B50355219B1344A00F00A4F /* Info.plist */,
			);
			name = "Supporting Files";
			sourceTree = "<group>";
		};
		2B50356619B1344B00F00A4F /* seqseqseqTests */ = {
			isa = PBXGroup;
			children = (
				2B50356919B1344B00F00A4F /* seqseqseqTests.swift */,
				2B50356719B1344B00F00A4F /* Supporting Files */,
			);
			path = seqseqseqTests;
			sourceTree = "<group>";
		};
		2B50356719B1344B00F00A4F /* Supporting Files */ = {
			isa = PBXGroup;
			children = (
				2B50356819B1344B00F00A4F /* Info.plist */,
			);
			name = "Supporting Files";
			sourceTree = "<group>";
		};
/* End PBXGroup section */

/* Begin PBXNativeTarget section */
		2B50354D19B1344A00F00A4F /* seqseqseq */ = {
			isa = PBXNativeTarget;
			buildConfigurationList = 2B50356D19B1344B00F00A4F /* Build configuration list for PBXNativeTarget "seqseqseq" */;
			buildPhases = (
				2B50354A19B1344A00F00A4F /* Sources */,
				2B50354B19B1344A00F00A4F /* Frameworks */,
				2B50354C19B1344A00F00A4F /* Resources */,
			);
			buildRules = (
			);
			dependencies = (
			);
			name = seqseqseq;
			productName = seqseqseq;
			productReference = 2B50354E19B1344A00F00A4F /* seqseqseq.app */;
			productType = "com.apple.product-type.application";
		};
		2B50356219B1344B00F00A4F /* seqseqseqTests */ = {
			isa = PBXNativeTarget;
			buildConfigurationList = 2B50357019B1344B00F00A4F /* Build configuration list for PBXNativeTarget "seqseqseqTests" */;
			buildPhases = (
				2B50355F19B1344B00F00A4F /* Sources */,
				2B50356019B1344B00F00A4F /* Frameworks */,
				2B50356119B1344B00F00A4F /* Resources */,
			);
			buildRules = (
			);
			dependencies = (
				2B50356519B1344B00F00A4F /* PBXTargetDependency */,
			);
			name = seqseqseqTests;
			productName = seqseqseqTests;
			productReference = 2B50356319B1344B00F00A4F /* seqseqseqTests.xctest */;
			productType = "com.apple.product-type.bundle.unit-test";
		};
/* End PBXNativeTarget section */

/* Begin PBXProject section */
		2B50354619B1344A00F00A4F /* Project object */ = {
			isa = PBXProject;
			attributes = {
				LastUpgradeCheck = 0600;
				ORGANIZATIONNAME = edwardsharp;
				TargetAttributes = {
					2B50354D19B1344A00F00A4F = {
						CreatedOnToolsVersion = 6.0;
						DevelopmentTeam = V3EQLCLH6M;
					};
					2B50356219B1344B00F00A4F = {
						CreatedOnToolsVersion = 6.0;
						TestTargetID = 2B50354D19B1344A00F00A4F;
					};
				};
			};
			buildConfigurationList = 2B50354919B1344A00F00A4F /* Build configuration list for PBXProject "seqseqseq" */;
			compatibilityVersion = "Xcode 3.2";
			developmentRegion = English;
			hasScannedForEncodings = 0;
			knownRegions = (
				en,
				Base,
			);
			mainGroup = 2B50354519B1344A00F00A4F;
			productRefGroup = 2B50354F19B1344A00F00A4F /* Products */;
			projectDirPath = "";
			projectRoot = "";
			targets = (
				2B50354D19B1344A00F00A4F /* seqseqseq */,
				2B50356219B1344B00F00A4F /* seqseqseqTests */,
			);
		};
/* End PBXProject section */

/* Begin PBXResourcesBuildPhase section */
		2B50354C19B1344A00F00A4F /* Resources */ = {
			isa = PBXResourcesBuildPhase;
			buildActionMask = 2147483647;
			files = (
				2B50355C19B1344A00F00A4F /* Main.storyboard in Resources */,
				2B50355E19B1344B00F00A4F /* Images.xcassets in Resources */,
			);
			runOnlyForDeploymentPostprocessing = 0;
		};
		2B50356119B1344B00F00A4F /* Resources */ = {
			isa = PBXResourcesBuildPhase;
			buildActionMask = 2147483647;
			files = (
			);
			runOnlyForDeploymentPostprocessing = 0;
		};
/* End PBXResourcesBuildPhase section */

/* Begin PBXSourcesBuildPhase section */
		2B50354A19B1344A00F00A4F /* Sources */ = {
			isa = PBXSourcesBuildPhase;
			buildActionMask = 2147483647;
			files = (
				2B50355919B1344A00F00A4F /* ViewController.swift in Sources */,
				2B50355419B1344A00F00A4F /* AppDelegate.swift in Sources */,
				2B50355719B1344A00F00A4F /* seqseqseq.xcdatamodeld in Sources */,
			);
			runOnlyForDeploymentPostprocessing = 0;
		};
		2B50355F19B1344B00F00A4F /* Sources */ = {
			isa = PBXSourcesBuildPhase;
			buildActionMask = 2147483647;
			files = (
				2B50356A19B1344B00F00A4F /* seqseqseqTests.swift in Sources */,
			);
			runOnlyForDeploymentPostprocessing = 0;
		};
/* End PBXSourcesBuildPhase section */

/* Begin PBXTargetDependency section */
		2B50356519B1344B00F00A4F /* PBXTargetDependency */ = {
			isa = PBXTargetDependency;
			target = 2B50354D19B1344A00F00A4F /* seqseqseq */;
			targetProxy = 2B50356419B1344B00F00A4F /* PBXContainerItemProxy */;
		};
/* End PBXTargetDependency section */

/* Begin PBXVariantGroup section */
		2B50355A19B1344A00F00A4F /* Main.storyboard */ = {
			isa = PBXVariantGroup;
			children = (
				2B50355B19B1344A00F00A4F /* Base */,
			);
			name = Main.storyboard;
			sourceTree = "<group>";
		};
/* End PBXVariantGroup section */

/* Begin XCBuildConfiguration section */
		2B50356B19B1344B00F00A4F /* Debug */ = {
			isa = XCBuildConfiguration;
			buildSettings = {
				ALWAYS_SEARCH_USER_PATHS = NO;
				CLANG_CXX_LANGUAGE_STANDARD = "gnu++0x";
				CLANG_CXX_LIBRARY = "libc++";
				CLANG_ENABLE_MODULES = YES;
				CLANG_ENABLE_OBJC_ARC = YES;
				CLANG_WARN_BOOL_CONVERSION = YES;
				CLANG_WARN_CONSTANT_CONVERSION = YES;
				CLANG_WARN_DIRECT_OBJC_ISA_USAGE = YES_ERROR;
				CLANG_WARN_EMPTY_BODY = YES;
				CLANG_WARN_ENUM_CONVERSION = YES;
				CLANG_WARN_INT_CONVERSION = YES;
				CLANG_WARN_OBJC_ROOT_CLASS = YES_ERROR;
				CLANG_WARN_UNREACHABLE_CODE = YES;
				CLANG_WARN__DUPLICATE_METHOD_MATCH = YES;
				"CODE_SIGN_IDENTITY[sdk=iphoneos*]" = "iPhone Developer";
				COPY_PHASE_STRIP = NO;
				ENABLE_STRICT_OBJC_MSGSEND = YES;
				GCC_C_LANGUAGE_STANDARD = gnu99;
				GCC_DYNAMIC_NO_PIC = NO;
				GCC_OPTIMIZATION_LEVEL = 0;
				GCC_PREPROCESSOR_DEFINITIONS = (
					"DEBUG=1",
					"$(inherited)",
				);
				GCC_SYMBOLS_PRIVATE_EXTERN = NO;
				GCC_WARN_64_TO_32_BIT_CONVERSION = YES;
				GCC_WARN_ABOUT_RETURN_TYPE = YES_ERROR;
				GCC_WARN_UNDECLARED_SELECTOR = YES;
				GCC_WARN_UNINITIALIZED_AUTOS = YES_AGGRESSIVE;
				GCC_WARN_UNUSED_FUNCTION = YES;
				GCC_WARN_UNUSED_VARIABLE = YES;
				IPHONEOS_DEPLOYMENT_TARGET = 8.0;
				MTL_ENABLE_DEBUG_INFO = YES;
				ONLY_ACTIVE_ARCH = YES;
				SDKROOT = iphoneos;
				SWIFT_OPTIMIZATION_LEVEL = "-Onone";
				TARGETED_DEVICE_FAMILY = "1,2";
			};
			name = Debug;
		};
		2B50356C19B1344B00F00A4F /* Release */ = {
			isa = XCBuildConfiguration;
			buildSettings = {
				ALWAYS_SEARCH_USER_PATHS = NO;
				CLANG_CXX_LANGUAGE_STANDARD = "gnu++0x";
				CLANG_CXX_LIBRARY = "libc++";
				CLANG_ENABLE_MODULES = YES;
				CLANG_ENABLE_OBJC_ARC = YES;
				CLANG_WARN_BOOL_CONVERSION = YES;
				CLANG_WARN_CONSTANT_CONVERSION = YES;
				CLANG_WARN_DIRECT_OBJC_ISA_USAGE = YES_ERROR;
				CLANG_WARN_EMPTY_BODY = YES;
				CLANG_WARN_ENUM_CONVERSION = YES;
				CLANG_WARN_INT_CONVERSION = YES;
				CLANG_WARN_OBJC_ROOT_CLASS = YES_ERROR;
				CLANG_WARN_UNREACHABLE_CODE = YES;
				CLANG_WARN__DUPLICATE_METHOD_MATCH = YES;
				"CODE_SIGN_IDENTITY[sdk=iphoneos*]" = "iPhone Developer";
				COPY_PHASE_STRIP = YES;
				ENABLE_NS_ASSERTIONS = NO;
				ENABLE_STRICT_OBJC_MSGSEND = YES;
				GCC_C_LANGUAGE_STANDARD = gnu99;
				GCC_WARN_64_TO_32_BIT_CONVERSION = YES;
				GCC_WARN_ABOUT_RETURN_TYPE = YES_ERROR;
				GCC_WARN_UNDECLARED_SELECTOR = YES;
				GCC_WARN_UNINITIALIZED_AUTOS = YES_AGGRESSIVE;
				GCC_WARN_UNUSED_FUNCTION = YES;
				GCC_WARN_UNUSED_VARIABLE = YES;
				IPHONEOS_DEPLOYMENT_TARGET = 8.0;
				MTL_ENABLE_DEBUG_INFO = NO;
				SDKROOT = iphoneos;
				TARGETED_DEVICE_FAMILY = "1,2";
				VALIDATE_PRODUCT = YES;
			};
			name = Release;
		};
		2B50356E19B1344B00F00A4F /* Debug */ = {
			isa = XCBuildConfiguration;
			buildSettings = {
				ASSETCATALOG_COMPILER_APPICON_NAME = AppIcon;
				ASSETCATALOG_COMPILER_LAUNCHIMAGE_NAME = LaunchImage;
				CODE_SIGN_IDENTITY = "iPhone Developer";
				INFOPLIST_FILE = seqseqseq/Info.plist;
				IPHONEOS_DEPLOYMENT_TARGET = 6.0;
				LD_RUNPATH_SEARCH_PATHS = "$(inherited) @executable_path/Frameworks";
				PRODUCT_NAME = "$(TARGET_NAME)";
			};
			name = Debug;
		};
		2B50356F19B1344B00F00A4F /* Release */ = {
			isa = XCBuildConfiguration;
			buildSettings = {
				ASSETCATALOG_COMPILER_APPICON_NAME = AppIcon;
				ASSETCATALOG_COMPILER_LAUNCHIMAGE_NAME = LaunchImage;
				CODE_SIGN_IDENTITY = "iPhone Developer";
				INFOPLIST_FILE = seqseqseq/Info.plist;
				IPHONEOS_DEPLOYMENT_TARGET = 6.0;
				LD_RUNPATH_SEARCH_PATHS = "$(inherited) @executable_path/Frameworks";
				PRODUCT_NAME = "$(TARGET_NAME)";
			};
			name = Release;
		};
		2B50357119B1344B00F00A4F /* Debug */ = {
			isa = XCBuildConfiguration;
			buildSettings = {
				BUNDLE_LOADER = "$(TEST_HOST)";
				FRAMEWORK_SEARCH_PATHS = (
					"$(SDKROOT)/Developer/Library/Frameworks",
					"$(inherited)",
				);
				GCC_PREPROCESSOR_DEFINITIONS = (
					"DEBUG=1",
					"$(inherited)",
				);
				INFOPLIST_FILE = seqseqseqTests/Info.plist;
				LD_RUNPATH_SEARCH_PATHS = "$(inherited) @executable_path/Frameworks @loader_path/Frameworks";
				PRODUCT_NAME = "$(TARGET_NAME)";
				TEST_HOST = "$(BUILT_PRODUCTS_DIR)/seqseqseq.app/seqseqseq";
			};
			name = Debug;
		};
		2B50357219B1344B00F00A4F /* Release */ = {
			isa = XCBuildConfiguration;
			buildSettings = {
				BUNDLE_LOADER = "$(TEST_HOST)";
				FRAMEWORK_SEARCH_PATHS = (
					"$(SDKROOT)/Developer/Library/Frameworks",
					"$(inherited)",
				);
				INFOPLIST_FILE = seqseqseqTests/Info.plist;
				LD_RUNPATH_SEARCH_PATHS = "$(inherited) @executable_path/Frameworks @loader_path/Frameworks";
				PRODUCT_NAME = "$(TARGET_NAME)";
				TEST_HOST = "$(BUILT_PRODUCTS_DIR)/seqseqseq.app/seqseqseq";
			};
			name = Release;
		};
/* End XCBuildConfiguration section */

/* Begin XCConfigurationList section */
		2B50354919B1344A00F00A4F /* Build configuration list for PBXProject "seqseqseq" */ = {
			isa = XCConfigurationList;
			buildConfigurations = (
				2B50356B19B1344B00F00A4F /* Debug */,
				2B50356C19B1344B00F00A4F /* Release */,
			);
			defaultConfigurationIsVisible = 0;
			defaultConfigurationName = Release;
		};
		2B50356D19B1344B00F00A4F /* Build configuration list for PBXNativeTarget "seqseqseq" */ = {
			isa = XCConfigurationList;
			buildConfigurations = (
				2B50356E19B1344B00F00A4F /* Debug */,
				2B50356F19B1344B00F00A4F /* Release */,
			);
			defaultConfigurationIsVisible = 0;
		};
		2B50357019B1344B00F00A4F /* Build configuration list for PBXNativeTarget "seqseqseqTests" */ = {
			isa = XCConfigurationList;
			buildConfigurations = (
				2B50357119B1344B00F00A4F /* Debug */,
				2B50357219B1344B00F00A4F /* Release */,
			);
			defaultConfigurationIsVisible = 0;
		};
/* End XCConfigurationList section */

/* Begin XCVersionGroup section */
		2B50355519B1344A00F00A4F /* seqseqseq.xcdatamodeld */ = {
			isa = XCVersionGroup;
			children = (
				2B50355619B1344A00F00A4F /* seqseqseq.xcdatamodel */,
			);
			currentVersion = 2B50355619B1344A00F00A4F /* seqseqseq.xcdatamodel */;
			path = seqseqseq.xcdatamodeld;
			sourceTree = "<group>";
			versionGroupType = wrapper.xcdatamodel;
		};
/* End XCVersionGroup section */
	};
	rootObject = 2B50354619B1344A00F00A4F /* Project object */;
}
