// !$*UTF8*$!
{
	archiveVersion = 1;
	classes = {
	};
	objectVersion = 46;
	objects = {

/* Begin PBXBuildFile section */
		2BB961D919A954F40024D17F /* AppDelegate.swift in Sources */ = {isa = PBXBuildFile; fileRef = 2BB961D819A954F40024D17F /* AppDelegate.swift */; };
		2BB961DC19A954F40024D17F /* OrangePi.xcdatamodeld in Sources */ = {isa = PBXBuildFile; fileRef = 2BB961DA19A954F40024D17F /* OrangePi.xcdatamodeld */; };
		2BB961DE19A954F40024D17F /* MasterViewController.swift in Sources */ = {isa = PBXBuildFile; fileRef = 2BB961DD19A954F40024D17F /* MasterViewController.swift */; };
		2BB961E019A954F40024D17F /* DetailViewController.swift in Sources */ = {isa = PBXBuildFile; fileRef = 2BB961DF19A954F40024D17F /* DetailViewController.swift */; };
		2BB961E319A954F40024D17F /* Main.storyboard in Resources */ = {isa = PBXBuildFile; fileRef = 2BB961E119A954F40024D17F /* Main.storyboard */; };
		2BB961E519A954F40024D17F /* Images.xcassets in Resources */ = {isa = PBXBuildFile; fileRef = 2BB961E419A954F40024D17F /* Images.xcassets */; };
		2BB961F119A954F50024D17F /* OrangePiTests.swift in Sources */ = {isa = PBXBuildFile; fileRef = 2BB961F019A954F50024D17F /* OrangePiTests.swift */; };
		2BB9620319A971B50024D17F /* LauncherViewController.swift in Sources */ = {isa = PBXBuildFile; fileRef = 2BB9620219A971B50024D17F /* LauncherViewController.swift */; };
		2BE31B6619B2CC2200A80D8F /* OrangePi.swift in Sources */ = {isa = PBXBuildFile; fileRef = 2BE31B6519B2CC2200A80D8F /* OrangePi.swift */; };
/* End PBXBuildFile section */

/* Begin PBXContainerItemProxy section */
		2BB961EB19A954F50024D17F /* PBXContainerItemProxy */ = {
			isa = PBXContainerItemProxy;
			containerPortal = 2BB961CB19A954F40024D17F /* Project object */;
			proxyType = 1;
			remoteGlobalIDString = 2BB961D219A954F40024D17F;
			remoteInfo = OrangePi;
		};
/* End PBXContainerItemProxy section */

/* Begin PBXFileReference section */
		2BB961D319A954F40024D17F /* OrangePi.app */ = {isa = PBXFileReference; explicitFileType = wrapper.application; includeInIndex = 0; path = OrangePi.app; sourceTree = BUILT_PRODUCTS_DIR; };
		2BB961D719A954F40024D17F /* Info.plist */ = {isa = PBXFileReference; lastKnownFileType = text.plist.xml; path = Info.plist; sourceTree = "<group>"; };
		2BB961D819A954F40024D17F /* AppDelegate.swift */ = {isa = PBXFileReference; lastKnownFileType = sourcecode.swift; path = AppDelegate.swift; sourceTree = "<group>"; };
		2BB961DB19A954F40024D17F /* OrangePi.xcdatamodel */ = {isa = PBXFileReference; lastKnownFileType = wrapper.xcdatamodel; path = OrangePi.xcdatamodel; sourceTree = "<group>"; };
		2BB961DD19A954F40024D17F /* MasterViewController.swift */ = {isa = PBXFileReference; lastKnownFileType = sourcecode.swift; path = MasterViewController.swift; sourceTree = "<group>"; };
		2BB961DF19A954F40024D17F /* DetailViewController.swift */ = {isa = PBXFileReference; lastKnownFileType = sourcecode.swift; path = DetailViewController.swift; sourceTree = "<group>"; };
		2BB961E219A954F40024D17F /* Base */ = {isa = PBXFileReference; lastKnownFileType = file.storyboard; name = Base; path = Base.lproj/Main.storyboard; sourceTree = "<group>"; };
		2BB961E419A954F40024D17F /* Images.xcassets */ = {isa = PBXFileReference; lastKnownFileType = folder.assetcatalog; path = Images.xcassets; sourceTree = "<group>"; };
		2BB961EA19A954F50024D17F /* OrangePiTests.xctest */ = {isa = PBXFileReference; explicitFileType = wrapper.cfbundle; includeInIndex = 0; path = OrangePiTests.xctest; sourceTree = BUILT_PRODUCTS_DIR; };
		2BB961EF19A954F50024D17F /* Info.plist */ = {isa = PBXFileReference; lastKnownFileType = text.plist.xml; path = Info.plist; sourceTree = "<group>"; };
		2BB961F019A954F50024D17F /* OrangePiTests.swift */ = {isa = PBXFileReference; lastKnownFileType = sourcecode.swift; path = OrangePiTests.swift; sourceTree = "<group>"; };
		2BB9620219A971B50024D17F /* LauncherViewController.swift */ = {isa = PBXFileReference; fileEncoding = 4; lastKnownFileType = sourcecode.swift; path = LauncherViewController.swift; sourceTree = "<group>"; };
		2BE31B6519B2CC2200A80D8F /* OrangePi.swift */ = {isa = PBXFileReference; fileEncoding = 4; lastKnownFileType = sourcecode.swift; path = OrangePi.swift; sourceTree = "<group>"; };
		2BE31B6719B2CE5200A80D8F /* OrangePi-Bridging-Header.h */ = {isa = PBXFileReference; lastKnownFileType = sourcecode.c.h; path = "OrangePi-Bridging-Header.h"; sourceTree = "<group>"; };
/* End PBXFileReference section */

/* Begin PBXFrameworksBuildPhase section */
		2BB961D019A954F40024D17F /* Frameworks */ = {
			isa = PBXFrameworksBuildPhase;
			buildActionMask = 2147483647;
			files = (
			);
			runOnlyForDeploymentPostprocessing = 0;
		};
		2BB961E719A954F50024D17F /* Frameworks */ = {
			isa = PBXFrameworksBuildPhase;
			buildActionMask = 2147483647;
			files = (
			);
			runOnlyForDeploymentPostprocessing = 0;
		};
/* End PBXFrameworksBuildPhase section */

/* Begin PBXGroup section */
		2B6CFE7919B1895900C3695C /* models */ = {
			isa = PBXGroup;
			children = (
				2BE31B6519B2CC2200A80D8F /* OrangePi.swift */,
				2BE31B6719B2CE5200A80D8F /* OrangePi-Bridging-Header.h */,
			);
			name = models;
			sourceTree = "<group>";
		};
		2BB961CA19A954F40024D17F = {
			isa = PBXGroup;
			children = (
				2BB961D519A954F40024D17F /* OrangePi */,
				2BB961ED19A954F50024D17F /* OrangePiTests */,
				2BB961D419A954F40024D17F /* Products */,
			);
			sourceTree = "<group>";
		};
		2BB961D419A954F40024D17F /* Products */ = {
			isa = PBXGroup;
			children = (
				2BB961D319A954F40024D17F /* OrangePi.app */,
				2BB961EA19A954F50024D17F /* OrangePiTests.xctest */,
			);
			name = Products;
			sourceTree = "<group>";
		};
		2BB961D519A954F40024D17F /* OrangePi */ = {
			isa = PBXGroup;
			children = (
				2B6CFE7919B1895900C3695C /* models */,
				2BB961D819A954F40024D17F /* AppDelegate.swift */,
				2BB961DD19A954F40024D17F /* MasterViewController.swift */,
				2BB961DF19A954F40024D17F /* DetailViewController.swift */,
				2BB961E119A954F40024D17F /* Main.storyboard */,
				2BB961E419A954F40024D17F /* Images.xcassets */,
				2BB961DA19A954F40024D17F /* OrangePi.xcdatamodeld */,
				2BB961D619A954F40024D17F /* Supporting Files */,
				2BB9620219A971B50024D17F /* LauncherViewController.swift */,
			);
			path = OrangePi;
			sourceTree = "<group>";
		};
		2BB961D619A954F40024D17F /* Supporting Files */ = {
			isa = PBXGroup;
			children = (
				2BB961D719A954F40024D17F /* Info.plist */,
			);
			name = "Supporting Files";
			sourceTree = "<group>";
		};
		2BB961ED19A954F50024D17F /* OrangePiTests */ = {
			isa = PBXGroup;
			children = (
				2BB961F019A954F50024D17F /* OrangePiTests.swift */,
				2BB961EE19A954F50024D17F /* Supporting Files */,
			);
			path = OrangePiTests;
			sourceTree = "<group>";
		};
		2BB961EE19A954F50024D17F /* Supporting Files */ = {
			isa = PBXGroup;
			children = (
				2BB961EF19A954F50024D17F /* Info.plist */,
			);
			name = "Supporting Files";
			sourceTree = "<group>";
		};
/* End PBXGroup section */

/* Begin PBXNativeTarget section */
		2BB961D219A954F40024D17F /* OrangePi */ = {
			isa = PBXNativeTarget;
			buildConfigurationList = 2BB961F419A954F50024D17F /* Build configuration list for PBXNativeTarget "OrangePi" */;
			buildPhases = (
				2BB961CF19A954F40024D17F /* Sources */,
				2BB961D019A954F40024D17F /* Frameworks */,
				2BB961D119A954F40024D17F /* Resources */,
			);
			buildRules = (
			);
			dependencies = (
			);
			name = OrangePi;
			productName = OrangePi;
			productReference = 2BB961D319A954F40024D17F /* OrangePi.app */;
			productType = "com.apple.product-type.application";
		};
		2BB961E919A954F50024D17F /* OrangePiTests */ = {
			isa = PBXNativeTarget;
			buildConfigurationList = 2BB961F719A954F50024D17F /* Build configuration list for PBXNativeTarget "OrangePiTests" */;
			buildPhases = (
				2BB961E619A954F50024D17F /* Sources */,
				2BB961E719A954F50024D17F /* Frameworks */,
				2BB961E819A954F50024D17F /* Resources */,
			);
			buildRules = (
			);
			dependencies = (
				2BB961EC19A954F50024D17F /* PBXTargetDependency */,
			);
			name = OrangePiTests;
			productName = OrangePiTests;
			productReference = 2BB961EA19A954F50024D17F /* OrangePiTests.xctest */;
			productType = "com.apple.product-type.bundle.unit-test";
		};
/* End PBXNativeTarget section */

/* Begin PBXProject section */
		2BB961CB19A954F40024D17F /* Project object */ = {
			isa = PBXProject;
			attributes = {
				LastUpgradeCheck = 0600;
				ORGANIZATIONNAME = edwardsharp;
				TargetAttributes = {
					2BB961D219A954F40024D17F = {
						CreatedOnToolsVersion = 6.0;
					};
					2BB961E919A954F50024D17F = {
						CreatedOnToolsVersion = 6.0;
						TestTargetID = 2BB961D219A954F40024D17F;
					};
				};
			};
			buildConfigurationList = 2BB961CE19A954F40024D17F /* Build configuration list for PBXProject "OrangePi" */;
			compatibilityVersion = "Xcode 3.2";
			developmentRegion = English;
			hasScannedForEncodings = 0;
			knownRegions = (
				en,
				Base,
			);
			mainGroup = 2BB961CA19A954F40024D17F;
			productRefGroup = 2BB961D419A954F40024D17F /* Products */;
			projectDirPath = "";
			projectRoot = "";
			targets = (
				2BB961D219A954F40024D17F /* OrangePi */,
				2BB961E919A954F50024D17F /* OrangePiTests */,
			);
		};
/* End PBXProject section */

/* Begin PBXResourcesBuildPhase section */
		2BB961D119A954F40024D17F /* Resources */ = {
			isa = PBXResourcesBuildPhase;
			buildActionMask = 2147483647;
			files = (
				2BB961E319A954F40024D17F /* Main.storyboard in Resources */,
				2BB961E519A954F40024D17F /* Images.xcassets in Resources */,
			);
			runOnlyForDeploymentPostprocessing = 0;
		};
		2BB961E819A954F50024D17F /* Resources */ = {
			isa = PBXResourcesBuildPhase;
			buildActionMask = 2147483647;
			files = (
			);
			runOnlyForDeploymentPostprocessing = 0;
		};
/* End PBXResourcesBuildPhase section */

/* Begin PBXSourcesBuildPhase section */
		2BB961CF19A954F40024D17F /* Sources */ = {
			isa = PBXSourcesBuildPhase;
			buildActionMask = 2147483647;
			files = (
				2BB961DC19A954F40024D17F /* OrangePi.xcdatamodeld in Sources */,
				2BB9620319A971B50024D17F /* LauncherViewController.swift in Sources */,
				2BB961D919A954F40024D17F /* AppDelegate.swift in Sources */,
				2BE31B6619B2CC2200A80D8F /* OrangePi.swift in Sources */,
				2BB961DE19A954F40024D17F /* MasterViewController.swift in Sources */,
				2BB961E019A954F40024D17F /* DetailViewController.swift in Sources */,
			);
			runOnlyForDeploymentPostprocessing = 0;
		};
		2BB961E619A954F50024D17F /* Sources */ = {
			isa = PBXSourcesBuildPhase;
			buildActionMask = 2147483647;
			files = (
				2BB961F119A954F50024D17F /* OrangePiTests.swift in Sources */,
			);
			runOnlyForDeploymentPostprocessing = 0;
		};
/* End PBXSourcesBuildPhase section */

/* Begin PBXTargetDependency section */
		2BB961EC19A954F50024D17F /* PBXTargetDependency */ = {
			isa = PBXTargetDependency;
			target = 2BB961D219A954F40024D17F /* OrangePi */;
			targetProxy = 2BB961EB19A954F50024D17F /* PBXContainerItemProxy */;
		};
/* End PBXTargetDependency section */

/* Begin PBXVariantGroup section */
		2BB961E119A954F40024D17F /* Main.storyboard */ = {
			isa = PBXVariantGroup;
			children = (
				2BB961E219A954F40024D17F /* Base */,
			);
			name = Main.storyboard;
			sourceTree = "<group>";
		};
/* End PBXVariantGroup section */

/* Begin XCBuildConfiguration section */
		2BB961F219A954F50024D17F /* Debug */ = {
			isa = XCBuildConfiguration;
			buildSettings = {
				ALWAYS_SEARCH_USER_PATHS = NO;
				CLANG_CXX_LANGUAGE_STANDARD = "gnu++0x";
				CLANG_CXX_LIBRARY = "libc++";
				CLANG_ENABLE_MODULES = YES;
				CLANG_ENABLE_OBJC_ARC = YES;
				CLANG_WARN_BOOL_CONVERSION = YES;
				CLANG_WARN_CONSTANT_CONVERSION = YES;
				CLANG_WARN_DIRECT_OBJC_ISA_USAGE = YES_ERROR;
				CLANG_WARN_EMPTY_BODY = YES;
				CLANG_WARN_ENUM_CONVERSION = YES;
				CLANG_WARN_INT_CONVERSION = YES;
				CLANG_WARN_OBJC_ROOT_CLASS = YES_ERROR;
				CLANG_WARN_UNREACHABLE_CODE = YES;
				CLANG_WARN__DUPLICATE_METHOD_MATCH = YES;
				"CODE_SIGN_IDENTITY[sdk=iphoneos*]" = "iPhone Developer";
				COPY_PHASE_STRIP = NO;
				ENABLE_STRICT_OBJC_MSGSEND = YES;
				GCC_C_LANGUAGE_STANDARD = gnu99;
				GCC_DYNAMIC_NO_PIC = NO;
				GCC_OPTIMIZATION_LEVEL = 0;
				GCC_PREPROCESSOR_DEFINITIONS = (
					"DEBUG=1",
					"$(inherited)",
				);
				GCC_SYMBOLS_PRIVATE_EXTERN = NO;
				GCC_WARN_64_TO_32_BIT_CONVERSION = YES;
				GCC_WARN_ABOUT_RETURN_TYPE = YES_ERROR;
				GCC_WARN_UNDECLARED_SELECTOR = YES;
				GCC_WARN_UNINITIALIZED_AUTOS = YES_AGGRESSIVE;
				GCC_WARN_UNUSED_FUNCTION = YES;
				GCC_WARN_UNUSED_VARIABLE = YES;
				IPHONEOS_DEPLOYMENT_TARGET = 8.0;
				MTL_ENABLE_DEBUG_INFO = YES;
				ONLY_ACTIVE_ARCH = YES;
				SDKROOT = iphoneos;
				SWIFT_OPTIMIZATION_LEVEL = "-Onone";
				TARGETED_DEVICE_FAMILY = "1,2";
			};
			name = Debug;
		};
		2BB961F319A954F50024D17F /* Release */ = {
			isa = XCBuildConfiguration;
			buildSettings = {
				ALWAYS_SEARCH_USER_PATHS = NO;
				CLANG_CXX_LANGUAGE_STANDARD = "gnu++0x";
				CLANG_CXX_LIBRARY = "libc++";
				CLANG_ENABLE_MODULES = YES;
				CLANG_ENABLE_OBJC_ARC = YES;
				CLANG_WARN_BOOL_CONVERSION = YES;
				CLANG_WARN_CONSTANT_CONVERSION = YES;
				CLANG_WARN_DIRECT_OBJC_ISA_USAGE = YES_ERROR;
				CLANG_WARN_EMPTY_BODY = YES;
				CLANG_WARN_ENUM_CONVERSION = YES;
				CLANG_WARN_INT_CONVERSION = YES;
				CLANG_WARN_OBJC_ROOT_CLASS = YES_ERROR;
				CLANG_WARN_UNREACHABLE_CODE = YES;
				CLANG_WARN__DUPLICATE_METHOD_MATCH = YES;
				"CODE_SIGN_IDENTITY[sdk=iphoneos*]" = "iPhone Developer";
				COPY_PHASE_STRIP = YES;
				ENABLE_NS_ASSERTIONS = NO;
				ENABLE_STRICT_OBJC_MSGSEND = YES;
				GCC_C_LANGUAGE_STANDARD = gnu99;
				GCC_WARN_64_TO_32_BIT_CONVERSION = YES;
				GCC_WARN_ABOUT_RETURN_TYPE = YES_ERROR;
				GCC_WARN_UNDECLARED_SELECTOR = YES;
				GCC_WARN_UNINITIALIZED_AUTOS = YES_AGGRESSIVE;
				GCC_WARN_UNUSED_FUNCTION = YES;
				GCC_WARN_UNUSED_VARIABLE = YES;
				IPHONEOS_DEPLOYMENT_TARGET = 8.0;
				MTL_ENABLE_DEBUG_INFO = NO;
				SDKROOT = iphoneos;
				TARGETED_DEVICE_FAMILY = "1,2";
				VALIDATE_PRODUCT = YES;
			};
			name = Release;
		};
		2BB961F519A954F50024D17F /* Debug */ = {
			isa = XCBuildConfiguration;
			buildSettings = {
				ASSETCATALOG_COMPILER_APPICON_NAME = AppIcon;
				ASSETCATALOG_COMPILER_LAUNCHIMAGE_NAME = LaunchImage;
				CLANG_ENABLE_MODULES = YES;
				INFOPLIST_FILE = OrangePi/Info.plist;
				IPHONEOS_DEPLOYMENT_TARGET = 7.0;
				LD_RUNPATH_SEARCH_PATHS = "$(inherited) @executable_path/Frameworks";
				PRODUCT_NAME = "$(TARGET_NAME)";
				SWIFT_OBJC_BRIDGING_HEADER = "OrangePi/OrangePi-Bridging-Header.h";
				SWIFT_OPTIMIZATION_LEVEL = "-Onone";
			};
			name = Debug;
		};
		2BB961F619A954F50024D17F /* Release */ = {
			isa = XCBuildConfiguration;
			buildSettings = {
				ASSETCATALOG_COMPILER_APPICON_NAME = AppIcon;
				ASSETCATALOG_COMPILER_LAUNCHIMAGE_NAME = LaunchImage;
				CLANG_ENABLE_MODULES = YES;
				INFOPLIST_FILE = OrangePi/Info.plist;
				IPHONEOS_DEPLOYMENT_TARGET = 7.0;
				LD_RUNPATH_SEARCH_PATHS = "$(inherited) @executable_path/Frameworks";
				PRODUCT_NAME = "$(TARGET_NAME)";
				SWIFT_OBJC_BRIDGING_HEADER = "OrangePi/OrangePi-Bridging-Header.h";
			};
			name = Release;
		};
		2BB961F819A954F50024D17F /* Debug */ = {
			isa = XCBuildConfiguration;
			buildSettings = {
				BUNDLE_LOADER = "$(TEST_HOST)";
				FRAMEWORK_SEARCH_PATHS = (
					"$(SDKROOT)/Developer/Library/Frameworks",
					"$(inherited)",
				);
				GCC_PREPROCESSOR_DEFINITIONS = (
					"DEBUG=1",
					"$(inherited)",
				);
				INFOPLIST_FILE = OrangePiTests/Info.plist;
				LD_RUNPATH_SEARCH_PATHS = "$(inherited) @executable_path/Frameworks @loader_path/Frameworks";
				PRODUCT_NAME = "$(TARGET_NAME)";
				TEST_HOST = "$(BUILT_PRODUCTS_DIR)/OrangePi.app/OrangePi";
			};
			name = Debug;
		};
		2BB961F919A954F50024D17F /* Release */ = {
			isa = XCBuildConfiguration;
			buildSettings = {
				BUNDLE_LOADER = "$(TEST_HOST)";
				FRAMEWORK_SEARCH_PATHS = (
					"$(SDKROOT)/Developer/Library/Frameworks",
					"$(inherited)",
				);
				INFOPLIST_FILE = OrangePiTests/Info.plist;
				LD_RUNPATH_SEARCH_PATHS = "$(inherited) @executable_path/Frameworks @loader_path/Frameworks";
				PRODUCT_NAME = "$(TARGET_NAME)";
				TEST_HOST = "$(BUILT_PRODUCTS_DIR)/OrangePi.app/OrangePi";
			};
			name = Release;
		};
/* End XCBuildConfiguration section */

/* Begin XCConfigurationList section */
		2BB961CE19A954F40024D17F /* Build configuration list for PBXProject "OrangePi" */ = {
			isa = XCConfigurationList;
			buildConfigurations = (
				2BB961F219A954F50024D17F /* Debug */,
				2BB961F319A954F50024D17F /* Release */,
			);
			defaultConfigurationIsVisible = 0;
			defaultConfigurationName = Release;
		};
		2BB961F419A954F50024D17F /* Build configuration list for PBXNativeTarget "OrangePi" */ = {
			isa = XCConfigurationList;
			buildConfigurations = (
				2BB961F519A954F50024D17F /* Debug */,
				2BB961F619A954F50024D17F /* Release */,
			);
			defaultConfigurationIsVisible = 0;
			defaultConfigurationName = Release;
		};
		2BB961F719A954F50024D17F /* Build configuration list for PBXNativeTarget "OrangePiTests" */ = {
			isa = XCConfigurationList;
			buildConfigurations = (
				2BB961F819A954F50024D17F /* Debug */,
				2BB961F919A954F50024D17F /* Release */,
			);
			defaultConfigurationIsVisible = 0;
			defaultConfigurationName = Release;
		};
/* End XCConfigurationList section */

/* Begin XCVersionGroup section */
		2BB961DA19A954F40024D17F /* OrangePi.xcdatamodeld */ = {
			isa = XCVersionGroup;
			children = (
				2BB961DB19A954F40024D17F /* OrangePi.xcdatamodel */,
			);
			currentVersion = 2BB961DB19A954F40024D17F /* OrangePi.xcdatamodel */;
			path = OrangePi.xcdatamodeld;
			sourceTree = "<group>";
			versionGroupType = wrapper.xcdatamodel;
		};
/* End XCVersionGroup section */
	};
	rootObject = 2BB961CB19A954F40024D17F /* Project object */;
}
